{
  "name": "live-coding",
  "lockfileVersion": 2,
  "requires": true,
  "packages": {
    "": {
      "dependencies": {
        "firacode": "^6.2.0"
      }
    },
    "node_modules/firacode": {
      "version": "6.2.0",
      "resolved": "https://registry.npmjs.org/firacode/-/firacode-6.2.0.tgz",
      "integrity": "sha512-t5R3aO2BmhRXnYtKXbImLVNsILuCIbJ/XlDzBufjpi3il8P/CVdpWco83Ud3r2Tl0gitAmyP4o1fbJ52ozV1jw=="
    }
  },
  "dependencies": {
    "firacode": {
      "version": "6.2.0",
      "resolved": "https://registry.npmjs.org/firacode/-/firacode-6.2.0.tgz",
      "integrity": "sha512-t5R3aO2BmhRXnYtKXbImLVNsILuCIbJ/XlDzBufjpi3il8P/CVdpWco83Ud3r2Tl0gitAmyP4o1fbJ52ozV1jw=="
    }
  }
}
